
Microsoft Visual Studio Solution File, Format Version 12.00
# Visual Studio Version 17
VisualStudioVersion = 17.14.36301.6 d17.14
MinimumVisualStudioVersion = 10.0.40219.1
Project("{FAE04EC0-301F-11D3-BF4B-00C04F79EFBC}") = "UnitTest", "UnitTest\UnitTest.csproj", "{10ACFA64-6CBA-4AEB-8687-905941208CAA}"
EndProject
Project("{FAE04EC0-301F-11D3-BF4B-00C04F79EFBC}") = "UnitTest.Tests", "UnitTest.Tests\UnitTest.Tests.csproj", "{ABC3AC98-BC99-4BB4-8F93-E1FD9A539EA8}"
EndProject
Global
	GlobalSection(SolutionConfigurationPlatforms) = preSolution
		Debug|Any CPU = Debug|Any CPU
		Release|Any CPU = Release|Any CPU
	EndGlobalSection
	GlobalSection(ProjectConfigurationPlatforms) = postSolution
		{10ACFA64-6CBA-4AEB-8687-905941208CAA}.Debug|Any CPU.ActiveCfg = Debug|Any CPU
		{10ACFA64-6CBA-4AEB-8687-905941208CAA}.Debug|Any CPU.Build.0 = Debug|Any CPU
		{10ACFA64-6CBA-4AEB-8687-905941208CAA}.Release|Any CPU.ActiveCfg = Release|Any CPU
		{10ACFA64-6CBA-4AEB-8687-905941208CAA}.Release|Any CPU.Build.0 = Release|Any CPU
		{ABC3AC98-BC99-4BB4-8F93-E1FD9A539EA8}.Debug|Any CPU.ActiveCfg = Debug|Any CPU
		{ABC3AC98-BC99-4BB4-8F93-E1FD9A539EA8}.Debug|Any CPU.Build.0 = Debug|Any CPU
		{ABC3AC98-BC99-4BB4-8F93-E1FD9A539EA8}.Release|Any CPU.ActiveCfg = Release|Any CPU
		{ABC3AC98-BC99-4BB4-8F93-E1FD9A539EA8}.Release|Any CPU.Build.0 = Release|Any CPU
	EndGlobalSection
	GlobalSection(SolutionProperties) = preSolution
		HideSolutionNode = FALSE
	EndGlobalSection
	GlobalSection(ExtensibilityGlobals) = postSolution
		SolutionGuid = {F14086FC-E834-4CEE-9E7C-1FE24825D5F3}
	EndGlobalSection
EndGlobal
